
Microsoft Visual Studio Solution File, Format Version 12.00
# Visual Studio Version 17
VisualStudioVersion = 17.5.33414.496
MinimumVisualStudioVersion = 10.0.40219.1
Project("{FAE04EC0-301F-11D3-BF4B-00C04F79EFBC}") = "loops", "loops.csproj", "{AAF8034F-A50E-44DE-8AB8-08EC9CF2F8F8}"
EndProject
Global
	GlobalSection(SolutionConfigurationPlatforms) = preSolution
		Debug|Any CPU = Debug|Any CPU
		Release|Any CPU = Release|Any CPU
	EndGlobalSection
	GlobalSection(ProjectConfigurationPlatforms) = postSolution
		{AAF8034F-A50E-44DE-8AB8-08EC9CF2F8F8}.Debug|Any CPU.ActiveCfg = Debug|Any CPU
		{AAF8034F-A50E-44DE-8AB8-08EC9CF2F8F8}.Debug|Any CPU.Build.0 = Debug|Any CPU
		{AAF8034F-A50E-44DE-8AB8-08EC9CF2F8F8}.Release|Any CPU.ActiveCfg = Release|Any CPU
		{AAF8034F-A50E-44DE-8AB8-08EC9CF2F8F8}.Release|Any CPU.Build.0 = Release|Any CPU
	EndGlobalSection
	GlobalSection(SolutionProperties) = preSolution
		HideSolutionNode = FALSE
	EndGlobalSection
	GlobalSection(ExtensibilityGlobals) = postSolution
		SolutionGuid = {E82620C2-C07F-43B8-B647-1AA62DEB798C}
	EndGlobalSection
EndGlobal
